<Solution>
  <Folder Name="/src/">
    <Project Path="src/Mdk.App/Mdk.App.csproj" />
    <Project Path="src/Mdk.Engine/Mdk.Engine.csproj" />
    <Project Path="src/Mdk.Formats/Mdk.Formats.csproj" />
    <Project Path="src/Mdk.Game/Mdk.Game.csproj" />
  </Folder>
  <Folder Name="/tests/">
    <Project Path="tests/Mdk.Formats.Tests/Mdk.Formats.Tests.csproj" />
    <Project Path="tests/Mdk.Game.Tests/Mdk.Game.Tests.csproj" />
  </Folder>
</Solution>
